
Microsoft Visual Studio Solution File, Format Version 12.00
# Visual Studio Version 17
VisualStudioVersion = 17.4.32804.182
MinimumVisualStudioVersion = 10.0.40219.1
Project("{FAE04EC0-301F-11D3-BF4B-00C04F79EFBC}") = "AcademySampleProject", "AcademySampleProject\AcademySampleProject.csproj", "{5FCE7EBB-39E0-4A78-BF6C-C682754537C1}"
EndProject
Global
	GlobalSection(SolutionConfigurationPlatforms) = preSolution
		Debug|Any CPU = Debug|Any CPU
		Release|Any CPU = Release|Any CPU
	EndGlobalSection
	GlobalSection(ProjectConfigurationPlatforms) = postSolution
		{5FCE7EBB-39E0-4A78-BF6C-C682754537C1}.Debug|Any CPU.ActiveCfg = Debug|Any CPU
		{5FCE7EBB-39E0-4A78-BF6C-C682754537C1}.Debug|Any CPU.Build.0 = Debug|Any CPU
		{5FCE7EBB-39E0-4A78-BF6C-C682754537C1}.Release|Any CPU.ActiveCfg = Release|Any CPU
		{5FCE7EBB-39E0-4A78-BF6C-C682754537C1}.Release|Any CPU.Build.0 = Release|Any CPU
	EndGlobalSection
	GlobalSection(SolutionProperties) = preSolution
		HideSolutionNode = FALSE
	EndGlobalSection
	GlobalSection(ExtensibilityGlobals) = postSolution
		SolutionGuid = {2B9F112A-0943-4B96-82AC-40D14D07B9F1}
	EndGlobalSection
EndGlobal
